<Solution>
  <Folder Name="/Users Module/">
    <Project Path="src/SharedTodo.Users.Contracts/SharedTodo.Users.Contracts.csproj" Id="8aed7bfb-916e-4e39-919b-1490b98c3081" />
    <Project Path="src/SharedTodo.Users/SharedTodo.Users.csproj" Id="ad613ddb-661d-4f61-93a4-9cb3fd5868cb" />
  </Folder>
  <Folder Name="/_Host/">
    <Project Path="src/SharedTodo.Api/SharedTodo.Api.csproj" Id="a3430869-e44a-41c8-b9df-4b674d3a678d" />
    <Project Path="src/SharedTodo.AppHost/SharedTodo.AppHost.csproj" Id="dcc1054a-ad87-4992-aefa-631260f59750" />
    <Project Path="src/SharedTodo.ServiceDefaults/SharedTodo.ServiceDefaults.csproj" Id="baf6eecd-eb0c-4594-acfb-a1146c35ad1e" />
  </Folder>
  <Folder Name="/__Solution Items/">
    <File Path=".editorconfig" />
    <File Path=".gitignore" />
    <File Path="CLAUDE.md" />
    <File Path="Directory.Build.props" />
    <File Path="Directory.Packages.props" />
    <File Path="global.json" />
    <File Path="README.md" />
  </Folder>
</Solution>
